// !$*UTF8*$!
{
	archiveVersion = 1;
	classes = {
	};
	objectVersion = 56;
	objects = {

/* Begin PBXBuildFile section */
		072F03122A64940500E7E293 /* Task2ViewController.swift in Sources */ = {isa = PBXBuildFile; fileRef = 072F03102A64940500E7E293 /* Task2ViewController.swift */; };
		072F03132A64940500E7E293 /* Task2ViewController.xib in Resources */ = {isa = PBXBuildFile; fileRef = 072F03112A64940500E7E293 /* Task2ViewController.xib */; };
		0747216E2A66012700D7ACF7 /* Task1ViewController.swift in Sources */ = {isa = PBXBuildFile; fileRef = 0747216C2A66012700D7ACF7 /* Task1ViewController.swift */; };
		0747216F2A66012700D7ACF7 /* Task1ViewController.xib in Resources */ = {isa = PBXBuildFile; fileRef = 0747216D2A66012700D7ACF7 /* Task1ViewController.xib */; };
		114577892943A21C0097426C /* AppDelegate.swift in Sources */ = {isa = PBXBuildFile; fileRef = 114577882943A21C0097426C /* AppDelegate.swift */; };
		1145778B2943A21C0097426C /* SceneDelegate.swift in Sources */ = {isa = PBXBuildFile; fileRef = 1145778A2943A21C0097426C /* SceneDelegate.swift */; };
		1145778D2943A21C0097426C /* ViewController.swift in Sources */ = {isa = PBXBuildFile; fileRef = 1145778C2943A21C0097426C /* ViewController.swift */; };
		114577902943A21C0097426C /* Main.storyboard in Resources */ = {isa = PBXBuildFile; fileRef = 1145778E2943A21C0097426C /* Main.storyboard */; };
		114577922943A21F0097426C /* Assets.xcassets in Resources */ = {isa = PBXBuildFile; fileRef = 114577912943A21F0097426C /* Assets.xcassets */; };
		114577952943A21F0097426C /* LaunchScreen.storyboard in Resources */ = {isa = PBXBuildFile; fileRef = 114577932943A21F0097426C /* LaunchScreen.storyboard */; };
		709766EC2A44FD4A000D81FD /* CustomView.swift in Sources */ = {isa = PBXBuildFile; fileRef = 709766EB2A44FD4A000D81FD /* CustomView.swift */; };
		709766EF2A44FD5F000D81FD /* CustomView.xib in Resources */ = {isa = PBXBuildFile; fileRef = 709766EE2A44FD5F000D81FD /* CustomView.xib */; };
		709D440C2A6075D20057C544 /* Alerts.swift in Sources */ = {isa = PBXBuildFile; fileRef = 709D440B2A6075D20057C544 /* Alerts.swift */; };
		709D440F2A607D540057C544 /* AlertsView.swift in Sources */ = {isa = PBXBuildFile; fileRef = 709D440D2A607D540057C544 /* AlertsView.swift */; };
		709D44102A607D540057C544 /* AlertsView.xib in Resources */ = {isa = PBXBuildFile; fileRef = 709D440E2A607D540057C544 /* AlertsView.xib */; };
		70B42E8E2A4B443300107148 /* RegistrationViewController.swift in Sources */ = {isa = PBXBuildFile; fileRef = 70B42E8C2A4B443300107148 /* RegistrationViewController.swift */; };
		70B42E8F2A4B443300107148 /* RegistrationViewController.xib in Resources */ = {isa = PBXBuildFile; fileRef = 70B42E8D2A4B443300107148 /* RegistrationViewController.xib */; };
		70B42E922A4B455500107148 /* GradientView.swift in Sources */ = {isa = PBXBuildFile; fileRef = 70B42E912A4B455500107148 /* GradientView.swift */; };
		70B42E952A4B4AD900107148 /* MainViewController.swift in Sources */ = {isa = PBXBuildFile; fileRef = 70B42E932A4B4AD900107148 /* MainViewController.swift */; };
		70B42E962A4B4AD900107148 /* MainViewController.xib in Resources */ = {isa = PBXBuildFile; fileRef = 70B42E942A4B4AD900107148 /* MainViewController.xib */; };
		70B42E982A4B57F100107148 /* ViewConfig.swift in Sources */ = {isa = PBXBuildFile; fileRef = 70B42E972A4B57F100107148 /* ViewConfig.swift */; };
		70F4730D2A322A2400CFD712 /* mainViewController.swift in Sources */ = {isa = PBXBuildFile; fileRef = 70F4730B2A322A2400CFD712 /* mainViewController.swift */; };
		70F4730E2A322A2400CFD712 /* mainViewController.xib in Resources */ = {isa = PBXBuildFile; fileRef = 70F4730C2A322A2400CFD712 /* mainViewController.xib */; };
		70F473112A32360700CFD712 /* AnotherXibViewController.swift in Sources */ = {isa = PBXBuildFile; fileRef = 70F4730F2A32360700CFD712 /* AnotherXibViewController.swift */; };
		70F473122A32360700CFD712 /* AnotherXibViewController.xib in Resources */ = {isa = PBXBuildFile; fileRef = 70F473102A32360700CFD712 /* AnotherXibViewController.xib */; };
		70F473172A323A3F00CFD712 /* CustomTableViewCell.swift in Sources */ = {isa = PBXBuildFile; fileRef = 70F473152A323A3F00CFD712 /* CustomTableViewCell.swift */; };
		70F473182A323A3F00CFD712 /* CustomTableViewCell.xib in Resources */ = {isa = PBXBuildFile; fileRef = 70F473162A323A3F00CFD712 /* CustomTableViewCell.xib */; };
		70F473282A32588900CFD712 /* NoteViewController.swift in Sources */ = {isa = PBXBuildFile; fileRef = 70F473262A32588900CFD712 /* NoteViewController.swift */; };
		70F473292A32588900CFD712 /* NoteViewController.xib in Resources */ = {isa = PBXBuildFile; fileRef = 70F473272A32588900CFD712 /* NoteViewController.xib */; };
/* End PBXBuildFile section */

/* Begin PBXFileReference section */
		072F03102A64940500E7E293 /* Task2ViewController.swift */ = {isa = PBXFileReference; lastKnownFileType = sourcecode.swift; path = Task2ViewController.swift; sourceTree = "<group>"; };
		072F03112A64940500E7E293 /* Task2ViewController.xib */ = {isa = PBXFileReference; lastKnownFileType = file.xib; path = Task2ViewController.xib; sourceTree = "<group>"; };
		0747216C2A66012700D7ACF7 /* Task1ViewController.swift */ = {isa = PBXFileReference; lastKnownFileType = sourcecode.swift; path = Task1ViewController.swift; sourceTree = "<group>"; };
		0747216D2A66012700D7ACF7 /* Task1ViewController.xib */ = {isa = PBXFileReference; lastKnownFileType = file.xib; path = Task1ViewController.xib; sourceTree = "<group>"; };
		114577852943A21C0097426C /* FunTouch.app */ = {isa = PBXFileReference; explicitFileType = wrapper.application; includeInIndex = 0; path = FunTouch.app; sourceTree = BUILT_PRODUCTS_DIR; };
		114577882943A21C0097426C /* AppDelegate.swift */ = {isa = PBXFileReference; lastKnownFileType = sourcecode.swift; path = AppDelegate.swift; sourceTree = "<group>"; };
		1145778A2943A21C0097426C /* SceneDelegate.swift */ = {isa = PBXFileReference; lastKnownFileType = sourcecode.swift; path = SceneDelegate.swift; sourceTree = "<group>"; };
		1145778C2943A21C0097426C /* ViewController.swift */ = {isa = PBXFileReference; lastKnownFileType = sourcecode.swift; path = ViewController.swift; sourceTree = "<group>"; };
		1145778F2943A21C0097426C /* Base */ = {isa = PBXFileReference; lastKnownFileType = file.storyboard; name = Base; path = Base.lproj/Main.storyboard; sourceTree = "<group>"; };
		114577912943A21F0097426C /* Assets.xcassets */ = {isa = PBXFileReference; lastKnownFileType = folder.assetcatalog; path = Assets.xcassets; sourceTree = "<group>"; };
		114577942943A21F0097426C /* Base */ = {isa = PBXFileReference; lastKnownFileType = file.storyboard; name = Base; path = Base.lproj/LaunchScreen.storyboard; sourceTree = "<group>"; };
		114577962943A21F0097426C /* Info.plist */ = {isa = PBXFileReference; lastKnownFileType = text.plist.xml; path = Info.plist; sourceTree = "<group>"; };
		709766EB2A44FD4A000D81FD /* CustomView.swift */ = {isa = PBXFileReference; lastKnownFileType = sourcecode.swift; path = CustomView.swift; sourceTree = "<group>"; };
		709766EE2A44FD5F000D81FD /* CustomView.xib */ = {isa = PBXFileReference; lastKnownFileType = file.xib; path = CustomView.xib; sourceTree = "<group>"; };
		709D440B2A6075D20057C544 /* Alerts.swift */ = {isa = PBXFileReference; lastKnownFileType = sourcecode.swift; path = Alerts.swift; sourceTree = "<group>"; };
		709D440D2A607D540057C544 /* AlertsView.swift */ = {isa = PBXFileReference; lastKnownFileType = sourcecode.swift; path = AlertsView.swift; sourceTree = "<group>"; };
		709D440E2A607D540057C544 /* AlertsView.xib */ = {isa = PBXFileReference; lastKnownFileType = file.xib; path = AlertsView.xib; sourceTree = "<group>"; };
		70B42E8C2A4B443300107148 /* RegistrationViewController.swift */ = {isa = PBXFileReference; lastKnownFileType = sourcecode.swift; path = RegistrationViewController.swift; sourceTree = "<group>"; };
		70B42E8D2A4B443300107148 /* RegistrationViewController.xib */ = {isa = PBXFileReference; lastKnownFileType = file.xib; path = RegistrationViewController.xib; sourceTree = "<group>"; };
		70B42E912A4B455500107148 /* GradientView.swift */ = {isa = PBXFileReference; lastKnownFileType = sourcecode.swift; path = GradientView.swift; sourceTree = "<group>"; };
		70B42E932A4B4AD900107148 /* MainViewController.swift */ = {isa = PBXFileReference; lastKnownFileType = sourcecode.swift; path = MainViewController.swift; sourceTree = "<group>"; };
		70B42E942A4B4AD900107148 /* MainViewController.xib */ = {isa = PBXFileReference; lastKnownFileType = file.xib; path = MainViewController.xib; sourceTree = "<group>"; };
		70B42E972A4B57F100107148 /* ViewConfig.swift */ = {isa = PBXFileReference; lastKnownFileType = sourcecode.swift; path = ViewConfig.swift; sourceTree = "<group>"; };
		70F4730B2A322A2400CFD712 /* mainViewController.swift */ = {isa = PBXFileReference; lastKnownFileType = sourcecode.swift; path = mainViewController.swift; sourceTree = "<group>"; };
		70F4730C2A322A2400CFD712 /* mainViewController.xib */ = {isa = PBXFileReference; lastKnownFileType = file.xib; path = mainViewController.xib; sourceTree = "<group>"; };
		70F4730F2A32360700CFD712 /* AnotherXibViewController.swift */ = {isa = PBXFileReference; lastKnownFileType = sourcecode.swift; path = AnotherXibViewController.swift; sourceTree = "<group>"; };
		70F473102A32360700CFD712 /* AnotherXibViewController.xib */ = {isa = PBXFileReference; lastKnownFileType = file.xib; path = AnotherXibViewController.xib; sourceTree = "<group>"; };
		70F473152A323A3F00CFD712 /* CustomTableViewCell.swift */ = {isa = PBXFileReference; lastKnownFileType = sourcecode.swift; path = CustomTableViewCell.swift; sourceTree = "<group>"; };
		70F473162A323A3F00CFD712 /* CustomTableViewCell.xib */ = {isa = PBXFileReference; lastKnownFileType = file.xib; path = CustomTableViewCell.xib; sourceTree = "<group>"; };
		70F473262A32588900CFD712 /* NoteViewController.swift */ = {isa = PBXFileReference; lastKnownFileType = sourcecode.swift; path = NoteViewController.swift; sourceTree = "<group>"; };
		70F473272A32588900CFD712 /* NoteViewController.xib */ = {isa = PBXFileReference; lastKnownFileType = file.xib; path = NoteViewController.xib; sourceTree = "<group>"; };
/* End PBXFileReference section */

/* Begin PBXFrameworksBuildPhase section */
		114577822943A21C0097426C /* Frameworks */ = {
			isa = PBXFrameworksBuildPhase;
			buildActionMask = 2147483647;
			files = (
			);
			runOnlyForDeploymentPostprocessing = 0;
		};
/* End PBXFrameworksBuildPhase section */

/* Begin PBXGroup section */
		072F03032A64267400E7E293 /* 10th homework */ = {
			isa = PBXGroup;
			children = (
				072F03072A6426B100E7E293 /* Task2 */,
				072F03042A64269400E7E293 /* Task1 */,
			);
			path = "10th homework";
			sourceTree = "<group>";
		};
		072F03042A64269400E7E293 /* Task1 */ = {
			isa = PBXGroup;
			children = (
				0747216C2A66012700D7ACF7 /* Task1ViewController.swift */,
				0747216D2A66012700D7ACF7 /* Task1ViewController.xib */,
			);
			path = Task1;
			sourceTree = "<group>";
		};
		072F03072A6426B100E7E293 /* Task2 */ = {
			isa = PBXGroup;
			children = (
				072F03102A64940500E7E293 /* Task2ViewController.swift */,
				072F03112A64940500E7E293 /* Task2ViewController.xib */,
			);
			path = Task2;
			sourceTree = "<group>";
		};
		1145777C2943A21C0097426C = {
			isa = PBXGroup;
			children = (
				114577872943A21C0097426C /* FunTouch */,
				114577862943A21C0097426C /* Products */,
			);
			sourceTree = "<group>";
		};
		114577862943A21C0097426C /* Products */ = {
			isa = PBXGroup;
			children = (
				114577852943A21C0097426C /* FunTouch.app */,
			);
			name = Products;
			sourceTree = "<group>";
		};
		114577872943A21C0097426C /* FunTouch */ = {
			isa = PBXGroup;
			children = (
				072F03032A64267400E7E293 /* 10th homework */,
				709D44052A6070760057C544 /* AlertView */,
				70F473132A32362F00CFD712 /* View */,
				1145778C2943A21C0097426C /* ViewController.swift */,
				1145778E2943A21C0097426C /* Main.storyboard */,
				70B42E902A4B44E400107148 /* Model */,
				1145779C2943BE340097426C /* Source */,
				114577962943A21F0097426C /* Info.plist */,
			);
			path = FunTouch;
			sourceTree = "<group>";
		};
		1145779C2943BE340097426C /* Source */ = {
			isa = PBXGroup;
			children = (
				114577932943A21F0097426C /* LaunchScreen.storyboard */,
				114577912943A21F0097426C /* Assets.xcassets */,
				114577882943A21C0097426C /* AppDelegate.swift */,
				1145778A2943A21C0097426C /* SceneDelegate.swift */,
			);
			path = Source;
			sourceTree = "<group>";
		};
		709766ED2A44FD4E000D81FD /* CustomView */ = {
			isa = PBXGroup;
			children = (
				709766EB2A44FD4A000D81FD /* CustomView.swift */,
				709766EE2A44FD5F000D81FD /* CustomView.xib */,
			);
			path = CustomView;
			sourceTree = "<group>";
		};
		709D44052A6070760057C544 /* AlertView */ = {
			isa = PBXGroup;
			children = (
				709D440D2A607D540057C544 /* AlertsView.swift */,
				709D440E2A607D540057C544 /* AlertsView.xib */,
			);
			path = AlertView;
			sourceTree = "<group>";
		};
		70B42E7F2A4B2FD500107148 /* Test View  */ = {
			isa = PBXGroup;
			children = (
				70F4730C2A322A2400CFD712 /* mainViewController.xib */,
				70F4730B2A322A2400CFD712 /* mainViewController.swift */,
			);
			path = "Test View ";
			sourceTree = "<group>";
		};
		70B42E802A4B2FF500107148 /* AnotherXibView */ = {
			isa = PBXGroup;
			children = (
				70F4730F2A32360700CFD712 /* AnotherXibViewController.swift */,
				70F473102A32360700CFD712 /* AnotherXibViewController.xib */,
			);
			path = AnotherXibView;
			sourceTree = "<group>";
		};
		70B42E812A4B301000107148 /* NoteView */ = {
			isa = PBXGroup;
			children = (
				70F473272A32588900CFD712 /* NoteViewController.xib */,
				70F473262A32588900CFD712 /* NoteViewController.swift */,
			);
			path = NoteView;
			sourceTree = "<group>";
		};
		70B42E862A4B43C700107148 /* Main View */ = {
			isa = PBXGroup;
			children = (
				70B42E932A4B4AD900107148 /* MainViewController.swift */,
				70B42E942A4B4AD900107148 /* MainViewController.xib */,
			);
			path = "Main View";
			sourceTree = "<group>";
		};
		70B42E872A4B43D600107148 /* Registration View */ = {
			isa = PBXGroup;
			children = (
				70B42E8C2A4B443300107148 /* RegistrationViewController.swift */,
				70B42E8D2A4B443300107148 /* RegistrationViewController.xib */,
			);
			path = "Registration View";
			sourceTree = "<group>";
		};
		70B42E902A4B44E400107148 /* Model */ = {
			isa = PBXGroup;
			children = (
				70B42E912A4B455500107148 /* GradientView.swift */,
				70B42E972A4B57F100107148 /* ViewConfig.swift */,
				709D440B2A6075D20057C544 /* Alerts.swift */,
			);
			path = Model;
			sourceTree = "<group>";
		};
		70F473132A32362F00CFD712 /* View */ = {
			isa = PBXGroup;
			children = (
				70B42E812A4B301000107148 /* NoteView */,
				709766ED2A44FD4E000D81FD /* CustomView */,
				70F4731D2A32405400CFD712 /* CustomFrameView */,
				70F473142A323A1600CFD712 /* Cell */,
				70B42E802A4B2FF500107148 /* AnotherXibView */,
				70B42E7F2A4B2FD500107148 /* Test View  */,
				70B42E872A4B43D600107148 /* Registration View */,
				70B42E862A4B43C700107148 /* Main View */,
			);
			path = View;
			sourceTree = "<group>";
		};
		70F473142A323A1600CFD712 /* Cell */ = {
			isa = PBXGroup;
			children = (
				70F473152A323A3F00CFD712 /* CustomTableViewCell.swift */,
				70F473162A323A3F00CFD712 /* CustomTableViewCell.xib */,
			);
			path = Cell;
			sourceTree = "<group>";
		};
		70F4731D2A32405400CFD712 /* CustomFrameView */ = {
			isa = PBXGroup;
			children = (
			);
			path = CustomFrameView;
			sourceTree = "<group>";
		};
/* End PBXGroup section */

/* Begin PBXNativeTarget section */
		114577842943A21C0097426C /* FunTouch */ = {
			isa = PBXNativeTarget;
			buildConfigurationList = 114577992943A21F0097426C /* Build configuration list for PBXNativeTarget "FunTouch" */;
			buildPhases = (
				114577812943A21C0097426C /* Sources */,
				114577822943A21C0097426C /* Frameworks */,
				114577832943A21C0097426C /* Resources */,
			);
			buildRules = (
			);
			dependencies = (
			);
			name = FunTouch;
			productName = FunTouch;
			productReference = 114577852943A21C0097426C /* FunTouch.app */;
			productType = "com.apple.product-type.application";
		};
/* End PBXNativeTarget section */

/* Begin PBXProject section */
		1145777D2943A21C0097426C /* Project object */ = {
			isa = PBXProject;
			attributes = {
				BuildIndependentTargetsInParallel = 1;
				LastSwiftUpdateCheck = 1400;
				LastUpgradeCheck = 1400;
				TargetAttributes = {
					114577842943A21C0097426C = {
						CreatedOnToolsVersion = 14.0.1;
					};
				};
			};
			buildConfigurationList = 114577802943A21C0097426C /* Build configuration list for PBXProject "FunTouch" */;
			compatibilityVersion = "Xcode 14.0";
			developmentRegion = en;
			hasScannedForEncodings = 0;
			knownRegions = (
				en,
				Base,
			);
			mainGroup = 1145777C2943A21C0097426C;
			productRefGroup = 114577862943A21C0097426C /* Products */;
			projectDirPath = "";
			projectRoot = "";
			targets = (
				114577842943A21C0097426C /* FunTouch */,
			);
		};
/* End PBXProject section */

/* Begin PBXResourcesBuildPhase section */
		114577832943A21C0097426C /* Resources */ = {
			isa = PBXResourcesBuildPhase;
			buildActionMask = 2147483647;
			files = (
				114577952943A21F0097426C /* LaunchScreen.storyboard in Resources */,
				114577922943A21F0097426C /* Assets.xcassets in Resources */,
				072F03132A64940500E7E293 /* Task2ViewController.xib in Resources */,
				70F473182A323A3F00CFD712 /* CustomTableViewCell.xib in Resources */,
				114577902943A21C0097426C /* Main.storyboard in Resources */,
				70B42E8F2A4B443300107148 /* RegistrationViewController.xib in Resources */,
				709D44102A607D540057C544 /* AlertsView.xib in Resources */,
				70F473292A32588900CFD712 /* NoteViewController.xib in Resources */,
				709766EF2A44FD5F000D81FD /* CustomView.xib in Resources */,
				0747216F2A66012700D7ACF7 /* Task1ViewController.xib in Resources */,
				70B42E962A4B4AD900107148 /* MainViewController.xib in Resources */,
				70F4730E2A322A2400CFD712 /* mainViewController.xib in Resources */,
				70F473122A32360700CFD712 /* AnotherXibViewController.xib in Resources */,
			);
			runOnlyForDeploymentPostprocessing = 0;
		};
/* End PBXResourcesBuildPhase section */

/* Begin PBXSourcesBuildPhase section */
		114577812943A21C0097426C /* Sources */ = {
			isa = PBXSourcesBuildPhase;
			buildActionMask = 2147483647;
			files = (
				70B42E982A4B57F100107148 /* ViewConfig.swift in Sources */,
				70F473172A323A3F00CFD712 /* CustomTableViewCell.swift in Sources */,
				1145778D2943A21C0097426C /* ViewController.swift in Sources */,
				70B42E922A4B455500107148 /* GradientView.swift in Sources */,
				70B42E952A4B4AD900107148 /* MainViewController.swift in Sources */,
				114577892943A21C0097426C /* AppDelegate.swift in Sources */,
				70B42E8E2A4B443300107148 /* RegistrationViewController.swift in Sources */,
				0747216E2A66012700D7ACF7 /* Task1ViewController.swift in Sources */,
				072F03122A64940500E7E293 /* Task2ViewController.swift in Sources */,
				709766EC2A44FD4A000D81FD /* CustomView.swift in Sources */,
				70F473282A32588900CFD712 /* NoteViewController.swift in Sources */,
				70F473112A32360700CFD712 /* AnotherXibViewController.swift in Sources */,
				1145778B2943A21C0097426C /* SceneDelegate.swift in Sources */,
				709D440F2A607D540057C544 /* AlertsView.swift in Sources */,
				709D440C2A6075D20057C544 /* Alerts.swift in Sources */,
				70F4730D2A322A2400CFD712 /* mainViewController.swift in Sources */,
			);
			runOnlyForDeploymentPostprocessing = 0;
		};
/* End PBXSourcesBuildPhase section */

/* Begin PBXVariantGroup section */
		1145778E2943A21C0097426C /* Main.storyboard */ = {
			isa = PBXVariantGroup;
			children = (
				1145778F2943A21C0097426C /* Base */,
			);
			name = Main.storyboard;
			sourceTree = "<group>";
		};
		114577932943A21F0097426C /* LaunchScreen.storyboard */ = {
			isa = PBXVariantGroup;
			children = (
				114577942943A21F0097426C /* Base */,
			);
			name = LaunchScreen.storyboard;
			sourceTree = "<group>";
		};
/* End PBXVariantGroup section */

/* Begin XCBuildConfiguration section */
		114577972943A21F0097426C /* Debug */ = {
			isa = XCBuildConfiguration;
			buildSettings = {
				ALWAYS_SEARCH_USER_PATHS = NO;
				CLANG_ANALYZER_NONNULL = YES;
				CLANG_ANALYZER_NUMBER_OBJECT_CONVERSION = YES_AGGRESSIVE;
				CLANG_CXX_LANGUAGE_STANDARD = "gnu++20";
				CLANG_ENABLE_MODULES = YES;
				CLANG_ENABLE_OBJC_ARC = YES;
				CLANG_ENABLE_OBJC_WEAK = YES;
				CLANG_WARN_BLOCK_CAPTURE_AUTORELEASING = YES;
				CLANG_WARN_BOOL_CONVERSION = YES;
				CLANG_WARN_COMMA = YES;
				CLANG_WARN_CONSTANT_CONVERSION = YES;
				CLANG_WARN_DEPRECATED_OBJC_IMPLEMENTATIONS = YES;
				CLANG_WARN_DIRECT_OBJC_ISA_USAGE = YES_ERROR;
				CLANG_WARN_DOCUMENTATION_COMMENTS = YES;
				CLANG_WARN_EMPTY_BODY = YES;
				CLANG_WARN_ENUM_CONVERSION = YES;
				CLANG_WARN_INFINITE_RECURSION = YES;
				CLANG_WARN_INT_CONVERSION = YES;
				CLANG_WARN_NON_LITERAL_NULL_CONVERSION = YES;
				CLANG_WARN_OBJC_IMPLICIT_RETAIN_SELF = YES;
				CLANG_WARN_OBJC_LITERAL_CONVERSION = YES;
				CLANG_WARN_OBJC_ROOT_CLASS = YES_ERROR;
				CLANG_WARN_QUOTED_INCLUDE_IN_FRAMEWORK_HEADER = YES;
				CLANG_WARN_RANGE_LOOP_ANALYSIS = YES;
				CLANG_WARN_STRICT_PROTOTYPES = YES;
				CLANG_WARN_SUSPICIOUS_MOVE = YES;
				CLANG_WARN_UNGUARDED_AVAILABILITY = YES_AGGRESSIVE;
				CLANG_WARN_UNREACHABLE_CODE = YES;
				CLANG_WARN__DUPLICATE_METHOD_MATCH = YES;
				COPY_PHASE_STRIP = NO;
				DEBUG_INFORMATION_FORMAT = dwarf;
				ENABLE_STRICT_OBJC_MSGSEND = YES;
				ENABLE_TESTABILITY = YES;
				GCC_C_LANGUAGE_STANDARD = gnu11;
				GCC_DYNAMIC_NO_PIC = NO;
				GCC_NO_COMMON_BLOCKS = YES;
				GCC_OPTIMIZATION_LEVEL = 0;
				GCC_PREPROCESSOR_DEFINITIONS = (
					"DEBUG=1",
					"$(inherited)",
				);
				GCC_WARN_64_TO_32_BIT_CONVERSION = YES;
				GCC_WARN_ABOUT_RETURN_TYPE = YES_ERROR;
				GCC_WARN_UNDECLARED_SELECTOR = YES;
				GCC_WARN_UNINITIALIZED_AUTOS = YES_AGGRESSIVE;
				GCC_WARN_UNUSED_FUNCTION = YES;
				GCC_WARN_UNUSED_VARIABLE = YES;
				IPHONEOS_DEPLOYMENT_TARGET = 16.0;
				MTL_ENABLE_DEBUG_INFO = INCLUDE_SOURCE;
				MTL_FAST_MATH = YES;
				ONLY_ACTIVE_ARCH = YES;
				SDKROOT = iphoneos;
				SWIFT_ACTIVE_COMPILATION_CONDITIONS = DEBUG;
				SWIFT_OPTIMIZATION_LEVEL = "-Onone";
			};
			name = Debug;
		};
		114577982943A21F0097426C /* Release */ = {
			isa = XCBuildConfiguration;
			buildSettings = {
				ALWAYS_SEARCH_USER_PATHS = NO;
				CLANG_ANALYZER_NONNULL = YES;
				CLANG_ANALYZER_NUMBER_OBJECT_CONVERSION = YES_AGGRESSIVE;
				CLANG_CXX_LANGUAGE_STANDARD = "gnu++20";
				CLANG_ENABLE_MODULES = YES;
				CLANG_ENABLE_OBJC_ARC = YES;
				CLANG_ENABLE_OBJC_WEAK = YES;
				CLANG_WARN_BLOCK_CAPTURE_AUTORELEASING = YES;
				CLANG_WARN_BOOL_CONVERSION = YES;
				CLANG_WARN_COMMA = YES;
				CLANG_WARN_CONSTANT_CONVERSION = YES;
				CLANG_WARN_DEPRECATED_OBJC_IMPLEMENTATIONS = YES;
				CLANG_WARN_DIRECT_OBJC_ISA_USAGE = YES_ERROR;
				CLANG_WARN_DOCUMENTATION_COMMENTS = YES;
				CLANG_WARN_EMPTY_BODY = YES;
				CLANG_WARN_ENUM_CONVERSION = YES;
				CLANG_WARN_INFINITE_RECURSION = YES;
				CLANG_WARN_INT_CONVERSION = YES;
				CLANG_WARN_NON_LITERAL_NULL_CONVERSION = YES;
				CLANG_WARN_OBJC_IMPLICIT_RETAIN_SELF = YES;
				CLANG_WARN_OBJC_LITERAL_CONVERSION = YES;
				CLANG_WARN_OBJC_ROOT_CLASS = YES_ERROR;
				CLANG_WARN_QUOTED_INCLUDE_IN_FRAMEWORK_HEADER = YES;
				CLANG_WARN_RANGE_LOOP_ANALYSIS = YES;
				CLANG_WARN_STRICT_PROTOTYPES = YES;
				CLANG_WARN_SUSPICIOUS_MOVE = YES;
				CLANG_WARN_UNGUARDED_AVAILABILITY = YES_AGGRESSIVE;
				CLANG_WARN_UNREACHABLE_CODE = YES;
				CLANG_WARN__DUPLICATE_METHOD_MATCH = YES;
				COPY_PHASE_STRIP = NO;
				DEBUG_INFORMATION_FORMAT = "dwarf-with-dsym";
				ENABLE_NS_ASSERTIONS = NO;
				ENABLE_STRICT_OBJC_MSGSEND = YES;
				GCC_C_LANGUAGE_STANDARD = gnu11;
				GCC_NO_COMMON_BLOCKS = YES;
				GCC_WARN_64_TO_32_BIT_CONVERSION = YES;
				GCC_WARN_ABOUT_RETURN_TYPE = YES_ERROR;
				GCC_WARN_UNDECLARED_SELECTOR = YES;
				GCC_WARN_UNINITIALIZED_AUTOS = YES_AGGRESSIVE;
				GCC_WARN_UNUSED_FUNCTION = YES;
				GCC_WARN_UNUSED_VARIABLE = YES;
				IPHONEOS_DEPLOYMENT_TARGET = 16.0;
				MTL_ENABLE_DEBUG_INFO = NO;
				MTL_FAST_MATH = YES;
				SDKROOT = iphoneos;
				SWIFT_COMPILATION_MODE = wholemodule;
				SWIFT_OPTIMIZATION_LEVEL = "-O";
				VALIDATE_PRODUCT = YES;
			};
			name = Release;
		};
		1145779A2943A21F0097426C /* Debug */ = {
			isa = XCBuildConfiguration;
			buildSettings = {
				ASSETCATALOG_COMPILER_APPICON_NAME = AppIcon;
				ASSETCATALOG_COMPILER_GLOBAL_ACCENT_COLOR_NAME = AccentColor;
				CODE_SIGN_STYLE = Automatic;
				CURRENT_PROJECT_VERSION = 1;
				DEVELOPMENT_TEAM = HZA7PV5TD7;
				GENERATE_INFOPLIST_FILE = YES;
				INFOPLIST_FILE = FunTouch/Info.plist;
				INFOPLIST_KEY_UIApplicationSupportsIndirectInputEvents = YES;
				INFOPLIST_KEY_UILaunchStoryboardName = LaunchScreen;
				INFOPLIST_KEY_UIMainStoryboardFile = Main;
				INFOPLIST_KEY_UISupportedInterfaceOrientations_iPad = "UIInterfaceOrientationPortrait UIInterfaceOrientationPortraitUpsideDown UIInterfaceOrientationLandscapeLeft UIInterfaceOrientationLandscapeRight";
				INFOPLIST_KEY_UISupportedInterfaceOrientations_iPhone = "UIInterfaceOrientationPortrait UIInterfaceOrientationLandscapeLeft UIInterfaceOrientationLandscapeRight";
				LD_RUNPATH_SEARCH_PATHS = (
					"$(inherited)",
					"@executable_path/Frameworks",
				);
				MARKETING_VERSION = 1.0;
				PRODUCT_BUNDLE_IDENTIFIER = itea.FunTouch;
				PRODUCT_NAME = "$(TARGET_NAME)";
				SWIFT_EMIT_LOC_STRINGS = YES;
				SWIFT_VERSION = 5.0;
				TARGETED_DEVICE_FAMILY = "1,2";
			};
			name = Debug;
		};
		1145779B2943A21F0097426C /* Release */ = {
			isa = XCBuildConfiguration;
			buildSettings = {
				ASSETCATALOG_COMPILER_APPICON_NAME = AppIcon;
				ASSETCATALOG_COMPILER_GLOBAL_ACCENT_COLOR_NAME = AccentColor;
				CODE_SIGN_STYLE = Automatic;
				CURRENT_PROJECT_VERSION = 1;
				DEVELOPMENT_TEAM = HZA7PV5TD7;
				GENERATE_INFOPLIST_FILE = YES;
				INFOPLIST_FILE = FunTouch/Info.plist;
				INFOPLIST_KEY_UIApplicationSupportsIndirectInputEvents = YES;
				INFOPLIST_KEY_UILaunchStoryboardName = LaunchScreen;
				INFOPLIST_KEY_UIMainStoryboardFile = Main;
				INFOPLIST_KEY_UISupportedInterfaceOrientations_iPad = "UIInterfaceOrientationPortrait UIInterfaceOrientationPortraitUpsideDown UIInterfaceOrientationLandscapeLeft UIInterfaceOrientationLandscapeRight";
				INFOPLIST_KEY_UISupportedInterfaceOrientations_iPhone = "UIInterfaceOrientationPortrait UIInterfaceOrientationLandscapeLeft UIInterfaceOrientationLandscapeRight";
				LD_RUNPATH_SEARCH_PATHS = (
					"$(inherited)",
					"@executable_path/Frameworks",
				);
				MARKETING_VERSION = 1.0;
				PRODUCT_BUNDLE_IDENTIFIER = itea.FunTouch;
				PRODUCT_NAME = "$(TARGET_NAME)";
				SWIFT_EMIT_LOC_STRINGS = YES;
				SWIFT_VERSION = 5.0;
				TARGETED_DEVICE_FAMILY = "1,2";
			};
			name = Release;
		};
/* End XCBuildConfiguration section */

/* Begin XCConfigurationList section */
		114577802943A21C0097426C /* Build configuration list for PBXProject "FunTouch" */ = {
			isa = XCConfigurationList;
			buildConfigurations = (
				114577972943A21F0097426C /* Debug */,
				114577982943A21F0097426C /* Release */,
			);
			defaultConfigurationIsVisible = 0;
			defaultConfigurationName = Release;
		};
		114577992943A21F0097426C /* Build configuration list for PBXNativeTarget "FunTouch" */ = {
			isa = XCConfigurationList;
			buildConfigurations = (
				1145779A2943A21F0097426C /* Debug */,
				1145779B2943A21F0097426C /* Release */,
			);
			defaultConfigurationIsVisible = 0;
			defaultConfigurationName = Release;
		};
/* End XCConfigurationList section */
	};
	rootObject = 1145777D2943A21C0097426C /* Project object */;
}
